
Microsoft Visual Studio Solution File, Format Version 12.00
# Visual Studio 15
VisualStudioVersion = 15.0.28307.329
MinimumVisualStudioVersion = 10.0.40219.1
Project("{FAE04EC0-301F-11D3-BF4B-00C04F79EFBC}") = "Colledge", "Colledge\Colledge.csproj", "{632D527B-7003-43A6-9CE0-4B1623E0D288}"
EndProject
Global
	GlobalSection(SolutionConfigurationPlatforms) = preSolution
		Debug|Any CPU = Debug|Any CPU
		Release|Any CPU = Release|Any CPU
	EndGlobalSection
	GlobalSection(ProjectConfigurationPlatforms) = postSolution
		{632D527B-7003-43A6-9CE0-4B1623E0D288}.Debug|Any CPU.ActiveCfg = Debug|Any CPU
		{632D527B-7003-43A6-9CE0-4B1623E0D288}.Debug|Any CPU.Build.0 = Debug|Any CPU
		{632D527B-7003-43A6-9CE0-4B1623E0D288}.Release|Any CPU.ActiveCfg = Release|Any CPU
		{632D527B-7003-43A6-9CE0-4B1623E0D288}.Release|Any CPU.Build.0 = Release|Any CPU
	EndGlobalSection
	GlobalSection(SolutionProperties) = preSolution
		HideSolutionNode = FALSE
	EndGlobalSection
	GlobalSection(ExtensibilityGlobals) = postSolution
		SolutionGuid = {E604B944-720E-4C77-8FDD-FC4931F0C742}
	EndGlobalSection
EndGlobal
